
Microsoft Visual Studio Solution File, Format Version 12.00
# Visual Studio Version 16
VisualStudioVersion = 16.0.29926.136
MinimumVisualStudioVersion = 10.0.40219.1
Project("{9A19103F-16F7-4668-BE54-9A1E7A4F7556}") = "GolfTracker", "GolfTracker\GolfTracker.csproj", "{B06B9AD9-0FB6-4B3C-8A76-AF957E6296D0}"
EndProject
Project("{9A19103F-16F7-4668-BE54-9A1E7A4F7556}") = "GolfTracker.Models", "GolfTracker.Models\GolfTracker.Models.csproj", "{EAD515BD-0656-4020-A45B-202DCB4B7BEB}"
EndProject
Global
	GlobalSection(SolutionConfigurationPlatforms) = preSolution
		Debug|Any CPU = Debug|Any CPU
		Release|Any CPU = Release|Any CPU
	EndGlobalSection
	GlobalSection(ProjectConfigurationPlatforms) = postSolution
		{B06B9AD9-0FB6-4B3C-8A76-AF957E6296D0}.Debug|Any CPU.ActiveCfg = Debug|Any CPU
		{B06B9AD9-0FB6-4B3C-8A76-AF957E6296D0}.Debug|Any CPU.Build.0 = Debug|Any CPU
		{B06B9AD9-0FB6-4B3C-8A76-AF957E6296D0}.Release|Any CPU.ActiveCfg = Release|Any CPU
		{B06B9AD9-0FB6-4B3C-8A76-AF957E6296D0}.Release|Any CPU.Build.0 = Release|Any CPU
		{EAD515BD-0656-4020-A45B-202DCB4B7BEB}.Debug|Any CPU.ActiveCfg = Debug|Any CPU
		{EAD515BD-0656-4020-A45B-202DCB4B7BEB}.Debug|Any CPU.Build.0 = Debug|Any CPU
		{EAD515BD-0656-4020-A45B-202DCB4B7BEB}.Release|Any CPU.ActiveCfg = Release|Any CPU
		{EAD515BD-0656-4020-A45B-202DCB4B7BEB}.Release|Any CPU.Build.0 = Release|Any CPU
	EndGlobalSection
	GlobalSection(SolutionProperties) = preSolution
		HideSolutionNode = FALSE
	EndGlobalSection
	GlobalSection(ExtensibilityGlobals) = postSolution
		SolutionGuid = {0425F5FF-8D27-475D-AAAA-2E3B9E44C1AD}
	EndGlobalSection
EndGlobal
